Microsoft Visual Studio Solution File, Format Version 12.00
# Visual Studio Version 17
VisualStudioVersion = 17.5.2.0
MinimumVisualStudioVersion = 10.0.40219.1
Project("{FAE04EC0-301F-11D3-BF4B-00C04F79EFBC}") = "testSerial", "src-dotnet\testSerial.csproj", "{6B2E5E22-0A5C-68CC-A2CD-64C587B10417}"
EndProject
Global
	GlobalSection(SolutionConfigurationPlatforms) = preSolution
		Debug|Any CPU = Debug|Any CPU
		Release|Any CPU = Release|Any CPU
	EndGlobalSection
	GlobalSection(ProjectConfigurationPlatforms) = postSolution
		{6B2E5E22-0A5C-68CC-A2CD-64C587B10417}.Debug|Any CPU.ActiveCfg = Debug|Any CPU
		{6B2E5E22-0A5C-68CC-A2CD-64C587B10417}.Debug|Any CPU.Build.0 = Debug|Any CPU
		{6B2E5E22-0A5C-68CC-A2CD-64C587B10417}.Release|Any CPU.ActiveCfg = Release|Any CPU
		{6B2E5E22-0A5C-68CC-A2CD-64C587B10417}.Release|Any CPU.Build.0 = Release|Any CPU
	EndGlobalSection
	GlobalSection(SolutionProperties) = preSolution
		HideSolutionNode = FALSE
	EndGlobalSection
	GlobalSection(ExtensibilityGlobals) = postSolution
		SolutionGuid = {8026461E-7D65-48CF-8E67-5581F5C0C46F}
	EndGlobalSection
EndGlobal
